// !$*UTF8*$!
{
	archiveVersion = 1;
	classes = {
	};
	objectVersion = 46;
	objects = {

/* Begin PBXBuildFile section */
		914DBA3E1C836BA0009D0F9F /* AppDelegate.swift in Sources */ = {isa = PBXBuildFile; fileRef = 914DBA3D1C836BA0009D0F9F /* AppDelegate.swift */; };
		914DBA401C836BA0009D0F9F /* ViewController.swift in Sources */ = {isa = PBXBuildFile; fileRef = 914DBA3F1C836BA0009D0F9F /* ViewController.swift */; };
		914DBA431C836BA0009D0F9F /* Main.storyboard in Resources */ = {isa = PBXBuildFile; fileRef = 914DBA411C836BA0009D0F9F /* Main.storyboard */; settings = {ASSET_TAGS = (7, ); }; };
		914DBA451C836BA0009D0F9F /* Assets.xcassets in Resources */ = {isa = PBXBuildFile; fileRef = 914DBA441C836BA0009D0F9F /* Assets.xcassets */; };
		914DBA481C836BA0009D0F9F /* LaunchScreen.storyboard in Resources */ = {isa = PBXBuildFile; fileRef = 914DBA461C836BA0009D0F9F /* LaunchScreen.storyboard */; };
		914DBA601C837B81009D0F9F /* Minecraft.ttf in Resources */ = {isa = PBXBuildFile; fileRef = 914DBA5F1C837B81009D0F9F /* Minecraft.ttf */; };
		914DBA621C8634FB009D0F9F /* btn.wav in Resources */ = {isa = PBXBuildFile; fileRef = 914DBA611C8634FB009D0F9F /* btn.wav */; };
/* End PBXBuildFile section */

/* Begin PBXContainerItemProxy section */
		914DBA4F1C836BA0009D0F9F /* PBXContainerItemProxy */ = {
			isa = PBXContainerItemProxy;
			containerPortal = 914DBA321C836BA0009D0F9F /* Project object */;
			proxyType = 1;
			remoteGlobalIDString = 914DBA391C836BA0009D0F9F;
			remoteInfo = RetroCalc;
		};
/* End PBXContainerItemProxy section */

/* Begin PBXFileReference section */
		914DBA3A1C836BA0009D0F9F /* RetroCalc.app */ = {isa = PBXFileReference; explicitFileType = wrapper.application; includeInIndex = 0; path = RetroCalc.app; sourceTree = BUILT_PRODUCTS_DIR; };
		914DBA3D1C836BA0009D0F9F /* AppDelegate.swift */ = {isa = PBXFileReference; lastKnownFileType = sourcecode.swift; path = AppDelegate.swift; sourceTree = "<group>"; };
		914DBA3F1C836BA0009D0F9F /* ViewController.swift */ = {isa = PBXFileReference; lastKnownFileType = sourcecode.swift; path = ViewController.swift; sourceTree = "<group>"; };
		914DBA421C836BA0009D0F9F /* Base */ = {isa = PBXFileReference; lastKnownFileType = file.storyboard; name = Base; path = Base.lproj/Main.storyboard; sourceTree = "<group>"; };
		914DBA441C836BA0009D0F9F /* Assets.xcassets */ = {isa = PBXFileReference; lastKnownFileType = folder.assetcatalog; path = Assets.xcassets; sourceTree = "<group>"; };
		914DBA471C836BA0009D0F9F /* Base */ = {isa = PBXFileReference; lastKnownFileType = file.storyboard; name = Base; path = Base.lproj/LaunchScreen.storyboard; sourceTree = "<group>"; };
		914DBA491C836BA0009D0F9F /* Info.plist */ = {isa = PBXFileReference; lastKnownFileType = text.plist.xml; path = Info.plist; sourceTree = "<group>"; };
		914DBA4E1C836BA0009D0F9F /* RetroCalcUITests.xctest */ = {isa = PBXFileReference; explicitFileType = wrapper.cfbundle; includeInIndex = 0; path = RetroCalcUITests.xctest; sourceTree = BUILT_PRODUCTS_DIR; };
		914DBA5F1C837B81009D0F9F /* Minecraft.ttf */ = {isa = PBXFileReference; lastKnownFileType = file; path = Minecraft.ttf; sourceTree = "<group>"; };
		914DBA611C8634FB009D0F9F /* btn.wav */ = {isa = PBXFileReference; lastKnownFileType = audio.wav; path = btn.wav; sourceTree = "<group>"; };
/* End PBXFileReference section */

/* Begin PBXFrameworksBuildPhase section */
		914DBA371C836BA0009D0F9F /* Frameworks */ = {
			isa = PBXFrameworksBuildPhase;
			buildActionMask = 2147483647;
			files = (
			);
			runOnlyForDeploymentPostprocessing = 0;
		};
		914DBA4B1C836BA0009D0F9F /* Frameworks */ = {
			isa = PBXFrameworksBuildPhase;
			buildActionMask = 2147483647;
			files = (
			);
			runOnlyForDeploymentPostprocessing = 0;
		};
/* End PBXFrameworksBuildPhase section */

/* Begin PBXGroup section */
		914DBA311C836BA0009D0F9F = {
			isa = PBXGroup;
			children = (
				914DBA3C1C836BA0009D0F9F /* RetroCalc */,
				914DBA3B1C836BA0009D0F9F /* Products */,
			);
			sourceTree = "<group>";
		};
		914DBA3B1C836BA0009D0F9F /* Products */ = {
			isa = PBXGroup;
			children = (
				914DBA3A1C836BA0009D0F9F /* RetroCalc.app */,
				914DBA4E1C836BA0009D0F9F /* RetroCalcUITests.xctest */,
			);
			name = Products;
			sourceTree = "<group>";
		};
		914DBA3C1C836BA0009D0F9F /* RetroCalc */ = {
			isa = PBXGroup;
			children = (
				914DBA5F1C837B81009D0F9F /* Minecraft.ttf */,
				914DBA611C8634FB009D0F9F /* btn.wav */,
				914DBA3D1C836BA0009D0F9F /* AppDelegate.swift */,
				914DBA3F1C836BA0009D0F9F /* ViewController.swift */,
				914DBA411C836BA0009D0F9F /* Main.storyboard */,
				914DBA441C836BA0009D0F9F /* Assets.xcassets */,
				914DBA461C836BA0009D0F9F /* LaunchScreen.storyboard */,
				914DBA491C836BA0009D0F9F /* Info.plist */,
			);
			path = RetroCalc;
			sourceTree = "<group>";
		};
/* End PBXGroup section */

/* Begin PBXNativeTarget section */
		914DBA391C836BA0009D0F9F /* RetroCalc */ = {
			isa = PBXNativeTarget;
			buildConfigurationList = 914DBA571C836BA0009D0F9F /* Build configuration list for PBXNativeTarget "RetroCalc" */;
			buildPhases = (
				914DBA361C836BA0009D0F9F /* Sources */,
				914DBA371C836BA0009D0F9F /* Frameworks */,
				914DBA381C836BA0009D0F9F /* Resources */,
			);
			buildRules = (
			);
			dependencies = (
			);
			name = RetroCalc;
			productName = RetroCalc;
			productReference = 914DBA3A1C836BA0009D0F9F /* RetroCalc.app */;
			productType = "com.apple.product-type.application";
		};
		914DBA4D1C836BA0009D0F9F /* RetroCalcUITests */ = {
			isa = PBXNativeTarget;
			buildConfigurationList = 914DBA5A1C836BA0009D0F9F /* Build configuration list for PBXNativeTarget "RetroCalcUITests" */;
			buildPhases = (
				914DBA4A1C836BA0009D0F9F /* Sources */,
				914DBA4B1C836BA0009D0F9F /* Frameworks */,
				914DBA4C1C836BA0009D0F9F /* Resources */,
			);
			buildRules = (
			);
			dependencies = (
				914DBA501C836BA0009D0F9F /* PBXTargetDependency */,
			);
			name = RetroCalcUITests;
			productName = RetroCalcUITests;
			productReference = 914DBA4E1C836BA0009D0F9F /* RetroCalcUITests.xctest */;
			productType = "com.apple.product-type.bundle.ui-testing";
		};
/* End PBXNativeTarget section */

/* Begin PBXProject section */
		914DBA321C836BA0009D0F9F /* Project object */ = {
			isa = PBXProject;
			attributes = {
				KnownAssetTags = (
					7,
				);
				LastSwiftUpdateCheck = 0720;
				LastUpgradeCheck = 0720;
				ORGANIZATIONNAME = "Mehdi Chennoufi";
				TargetAttributes = {
					914DBA391C836BA0009D0F9F = {
						CreatedOnToolsVersion = 7.2.1;
						DevelopmentTeam = 2CS5LFHDLH;
					};
					914DBA4D1C836BA0009D0F9F = {
						CreatedOnToolsVersion = 7.2.1;
						TestTargetID = 914DBA391C836BA0009D0F9F;
					};
				};
			};
			buildConfigurationList = 914DBA351C836BA0009D0F9F /* Build configuration list for PBXProject "RetroCalc" */;
			compatibilityVersion = "Xcode 3.2";
			developmentRegion = English;
			hasScannedForEncodings = 0;
			knownRegions = (
				en,
				Base,
			);
			mainGroup = 914DBA311C836BA0009D0F9F;
			productRefGroup = 914DBA3B1C836BA0009D0F9F /* Products */;
			projectDirPath = "";
			projectRoot = "";
			targets = (
				914DBA391C836BA0009D0F9F /* RetroCalc */,
				914DBA4D1C836BA0009D0F9F /* RetroCalcUITests */,
			);
		};
/* End PBXProject section */

/* Begin PBXResourcesBuildPhase section */
		914DBA381C836BA0009D0F9F /* Resources */ = {
			isa = PBXResourcesBuildPhase;
			buildActionMask = 2147483647;
			files = (
				914DBA621C8634FB009D0F9F /* btn.wav in Resources */,
				914DBA481C836BA0009D0F9F /* LaunchScreen.storyboard in Resources */,
				914DBA451C836BA0009D0F9F /* Assets.xcassets in Resources */,
				914DBA601C837B81009D0F9F /* Minecraft.ttf in Resources */,
				914DBA431C836BA0009D0F9F /* Main.storyboard in Resources */,
			);
			runOnlyForDeploymentPostprocessing = 0;
		};
		914DBA4C1C836BA0009D0F9F /* Resources */ = {
			isa = PBXResourcesBuildPhase;
			buildActionMask = 2147483647;
			files = (
			);
			runOnlyForDeploymentPostprocessing = 0;
		};
/* End PBXResourcesBuildPhase section */

/* Begin PBXSourcesBuildPhase section */
		914DBA361C836BA0009D0F9F /* Sources */ = {
			isa = PBXSourcesBuildPhase;
			buildActionMask = 2147483647;
			files = (
				914DBA401C836BA0009D0F9F /* ViewController.swift in Sources */,
				914DBA3E1C836BA0009D0F9F /* AppDelegate.swift in Sources */,
			);
			runOnlyForDeploymentPostprocessing = 0;
		};
		914DBA4A1C836BA0009D0F9F /* Sources */ = {
			isa = PBXSourcesBuildPhase;
			buildActionMask = 2147483647;
			files = (
			);
			runOnlyForDeploymentPostprocessing = 0;
		};
/* End PBXSourcesBuildPhase section */

/* Begin PBXTargetDependency section */
		914DBA501C836BA0009D0F9F /* PBXTargetDependency */ = {
			isa = PBXTargetDependency;
			target = 914DBA391C836BA0009D0F9F /* RetroCalc */;
			targetProxy = 914DBA4F1C836BA0009D0F9F /* PBXContainerItemProxy */;
		};
/* End PBXTargetDependency section */

/* Begin PBXVariantGroup section */
		914DBA411C836BA0009D0F9F /* Main.storyboard */ = {
			isa = PBXVariantGroup;
			children = (
				914DBA421C836BA0009D0F9F /* Base */,
			);
			name = Main.storyboard;
			sourceTree = "<group>";
		};
		914DBA461C836BA0009D0F9F /* LaunchScreen.storyboard */ = {
			isa = PBXVariantGroup;
			children = (
				914DBA471C836BA0009D0F9F /* Base */,
			);
			name = LaunchScreen.storyboard;
			sourceTree = "<group>";
		};
/* End PBXVariantGroup section */

/* Begin XCBuildConfiguration section */
		914DBA551C836BA0009D0F9F /* Debug */ = {
			isa = XCBuildConfiguration;
			buildSettings = {
				ALWAYS_SEARCH_USER_PATHS = NO;
				CLANG_CXX_LANGUAGE_STANDARD = "gnu++0x";
				CLANG_CXX_LIBRARY = "libc++";
				CLANG_ENABLE_MODULES = YES;
				CLANG_ENABLE_OBJC_ARC = YES;
				CLANG_WARN_BOOL_CONVERSION = YES;
				CLANG_WARN_CONSTANT_CONVERSION = YES;
				CLANG_WARN_DIRECT_OBJC_ISA_USAGE = YES_ERROR;
				CLANG_WARN_EMPTY_BODY = YES;
				CLANG_WARN_ENUM_CONVERSION = YES;
				CLANG_WARN_INT_CONVERSION = YES;
				CLANG_WARN_OBJC_ROOT_CLASS = YES_ERROR;
				CLANG_WARN_UNREACHABLE_CODE = YES;
				CLANG_WARN__DUPLICATE_METHOD_MATCH = YES;
				"CODE_SIGN_IDENTITY[sdk=iphoneos*]" = "iPhone Developer";
				COPY_PHASE_STRIP = NO;
				DEBUG_INFORMATION_FORMAT = dwarf;
				ENABLE_STRICT_OBJC_MSGSEND = YES;
				ENABLE_TESTABILITY = YES;
				GCC_C_LANGUAGE_STANDARD = gnu99;
				GCC_DYNAMIC_NO_PIC = NO;
				GCC_NO_COMMON_BLOCKS = YES;
				GCC_OPTIMIZATION_LEVEL = 0;
				GCC_PREPROCESSOR_DEFINITIONS = (
					"DEBUG=1",
					"$(inherited)",
				);
				GCC_WARN_64_TO_32_BIT_CONVERSION = YES;
				GCC_WARN_ABOUT_RETURN_TYPE = YES_ERROR;
				GCC_WARN_UNDECLARED_SELECTOR = YES;
				GCC_WARN_UNINITIALIZED_AUTOS = YES_AGGRESSIVE;
				GCC_WARN_UNUSED_FUNCTION = YES;
				GCC_WARN_UNUSED_VARIABLE = YES;
				IPHONEOS_DEPLOYMENT_TARGET = 9.2;
				MTL_ENABLE_DEBUG_INFO = YES;
				ONLY_ACTIVE_ARCH = YES;
				SDKROOT = iphoneos;
				SWIFT_OPTIMIZATION_LEVEL = "-Onone";
				TARGETED_DEVICE_FAMILY = "1,2";
			};
			name = Debug;
		};
		914DBA561C836BA0009D0F9F /* Release */ = {
			isa = XCBuildConfiguration;
			buildSettings = {
				ALWAYS_SEARCH_USER_PATHS = NO;
				CLANG_CXX_LANGUAGE_STANDARD = "gnu++0x";
				CLANG_CXX_LIBRARY = "libc++";
				CLANG_ENABLE_MODULES = YES;
				CLANG_ENABLE_OBJC_ARC = YES;
				CLANG_WARN_BOOL_CONVERSION = YES;
				CLANG_WARN_CONSTANT_CONVERSION = YES;
				CLANG_WARN_DIRECT_OBJC_ISA_USAGE = YES_ERROR;
				CLANG_WARN_EMPTY_BODY = YES;
				CLANG_WARN_ENUM_CONVERSION = YES;
				CLANG_WARN_INT_CONVERSION = YES;
				CLANG_WARN_OBJC_ROOT_CLASS = YES_ERROR;
				CLANG_WARN_UNREACHABLE_CODE = YES;
				CLANG_WARN__DUPLICATE_METHOD_MATCH = YES;
				"CODE_SIGN_IDENTITY[sdk=iphoneos*]" = "iPhone Developer";
				COPY_PHASE_STRIP = NO;
				DEBUG_INFORMATION_FORMAT = "dwarf-with-dsym";
				ENABLE_NS_ASSERTIONS = NO;
				ENABLE_STRICT_OBJC_MSGSEND = YES;
				GCC_C_LANGUAGE_STANDARD = gnu99;
				GCC_NO_COMMON_BLOCKS = YES;
				GCC_WARN_64_TO_32_BIT_CONVERSION = YES;
				GCC_WARN_ABOUT_RETURN_TYPE = YES_ERROR;
				GCC_WARN_UNDECLARED_SELECTOR = YES;
				GCC_WARN_UNINITIALIZED_AUTOS = YES_AGGRESSIVE;
				GCC_WARN_UNUSED_FUNCTION = YES;
				GCC_WARN_UNUSED_VARIABLE = YES;
				IPHONEOS_DEPLOYMENT_TARGET = 9.2;
				MTL_ENABLE_DEBUG_INFO = NO;
				SDKROOT = iphoneos;
				TARGETED_DEVICE_FAMILY = "1,2";
				VALIDATE_PRODUCT = YES;
			};
			name = Release;
		};
		914DBA581C836BA0009D0F9F /* Debug */ = {
			isa = XCBuildConfiguration;
			buildSettings = {
				ASSETCATALOG_COMPILER_APPICON_NAME = AppIcon;
				CODE_SIGN_IDENTITY = "iPhone Developer";
				INFOPLIST_FILE = RetroCalc/Info.plist;
				LD_RUNPATH_SEARCH_PATHS = "$(inherited) @executable_path/Frameworks";
				PRODUCT_BUNDLE_IDENTIFIER = com.MehdiChennoufi.RetroCalc;
				PRODUCT_NAME = "$(TARGET_NAME)";
				TARGETED_DEVICE_FAMILY = 1;
			};
			name = Debug;
		};
		914DBA591C836BA0009D0F9F /* Release */ = {
			isa = XCBuildConfiguration;
			buildSettings = {
				ASSETCATALOG_COMPILER_APPICON_NAME = AppIcon;
				CODE_SIGN_IDENTITY = "iPhone Developer";
				INFOPLIST_FILE = RetroCalc/Info.plist;
				LD_RUNPATH_SEARCH_PATHS = "$(inherited) @executable_path/Frameworks";
				PRODUCT_BUNDLE_IDENTIFIER = com.MehdiChennoufi.RetroCalc;
				PRODUCT_NAME = "$(TARGET_NAME)";
				TARGETED_DEVICE_FAMILY = 1;
			};
			name = Release;
		};
		914DBA5B1C836BA0009D0F9F /* Debug */ = {
			isa = XCBuildConfiguration;
			buildSettings = {
				INFOPLIST_FILE = RetroCalcUITests/Info.plist;
				LD_RUNPATH_SEARCH_PATHS = "$(inherited) @executable_path/Frameworks @loader_path/Frameworks";
				PRODUCT_BUNDLE_IDENTIFIER = com.MehdiChennoufi.RetroCalcUITests;
				PRODUCT_NAME = "$(TARGET_NAME)";
				TEST_TARGET_NAME = RetroCalc;
				USES_XCTRUNNER = YES;
			};
			name = Debug;
		};
		914DBA5C1C836BA0009D0F9F /* Release */ = {
			isa = XCBuildConfiguration;
			buildSettings = {
				INFOPLIST_FILE = RetroCalcUITests/Info.plist;
				LD_RUNPATH_SEARCH_PATHS = "$(inherited) @executable_path/Frameworks @loader_path/Frameworks";
				PRODUCT_BUNDLE_IDENTIFIER = com.MehdiChennoufi.RetroCalcUITests;
				PRODUCT_NAME = "$(TARGET_NAME)";
				TEST_TARGET_NAME = RetroCalc;
				USES_XCTRUNNER = YES;
			};
			name = Release;
		};
/* End XCBuildConfiguration section */

/* Begin XCConfigurationList section */
		914DBA351C836BA0009D0F9F /* Build configuration list for PBXProject "RetroCalc" */ = {
			isa = XCConfigurationList;
			buildConfigurations = (
				914DBA551C836BA0009D0F9F /* Debug */,
				914DBA561C836BA0009D0F9F /* Release */,
			);
			defaultConfigurationIsVisible = 0;
			defaultConfigurationName = Release;
		};
		914DBA571C836BA0009D0F9F /* Build configuration list for PBXNativeTarget "RetroCalc" */ = {
			isa = XCConfigurationList;
			buildConfigurations = (
				914DBA581C836BA0009D0F9F /* Debug */,
				914DBA591C836BA0009D0F9F /* Release */,
			);
			defaultConfigurationIsVisible = 0;
			defaultConfigurationName = Release;
		};
		914DBA5A1C836BA0009D0F9F /* Build configuration list for PBXNativeTarget "RetroCalcUITests" */ = {
			isa = XCConfigurationList;
			buildConfigurations = (
				914DBA5B1C836BA0009D0F9F /* Debug */,
				914DBA5C1C836BA0009D0F9F /* Release */,
			);
			defaultConfigurationIsVisible = 0;
			defaultConfigurationName = Release;
		};
/* End XCConfigurationList section */
	};
	rootObject = 914DBA321C836BA0009D0F9F /* Project object */;
}
